
Microsoft Visual Studio Solution File, Format Version 12.00
# Visual Studio Version 17
VisualStudioVersion = 17.7.34031.279
MinimumVisualStudioVersion = 10.0.40219.1
Project("{FAE04EC0-301F-11D3-BF4B-00C04F79EFBC}") = "6 - Esercitazione Tablet", "6 - Esercitazione Tablet\6 - Esercitazione Tablet.csproj", "{3D66187F-E487-4A26-B960-570B33DFB980}"
EndProject
Global
	GlobalSection(SolutionConfigurationPlatforms) = preSolution
		Debug|Any CPU = Debug|Any CPU
		Release|Any CPU = Release|Any CPU
	EndGlobalSection
	GlobalSection(ProjectConfigurationPlatforms) = postSolution
		{3D66187F-E487-4A26-B960-570B33DFB980}.Debug|Any CPU.ActiveCfg = Debug|Any CPU
		{3D66187F-E487-4A26-B960-570B33DFB980}.Debug|Any CPU.Build.0 = Debug|Any CPU
		{3D66187F-E487-4A26-B960-570B33DFB980}.Release|Any CPU.ActiveCfg = Release|Any CPU
		{3D66187F-E487-4A26-B960-570B33DFB980}.Release|Any CPU.Build.0 = Release|Any CPU
	EndGlobalSection
	GlobalSection(SolutionProperties) = preSolution
		HideSolutionNode = FALSE
	EndGlobalSection
	GlobalSection(ExtensibilityGlobals) = postSolution
		SolutionGuid = {0A4160B8-E9AC-40CF-8F6D-A494ABF1FE41}
	EndGlobalSection
EndGlobal
